{
  "name": "dawn-patrol",
  "version": "1.0.0",
  "dependencies": {
    "chai": {
      "version": "2.3.0",
      "from": "chai@*",
      "resolved": "https://registry.npmjs.org/chai/-/chai-2.3.0.tgz",
      "dependencies": {
        "assertion-error": {
          "version": "1.0.0",
          "from": "assertion-error@1.0.0",
          "resolved": "https://registry.npmjs.org/assertion-error/-/assertion-error-1.0.0.tgz"
        },
        "deep-eql": {
          "version": "0.1.3",
          "from": "deep-eql@0.1.3",
          "resolved": "https://registry.npmjs.org/deep-eql/-/deep-eql-0.1.3.tgz",
          "dependencies": {
            "type-detect": {
              "version": "0.1.1",
              "from": "type-detect@0.1.1",
              "resolved": "https://registry.npmjs.org/type-detect/-/type-detect-0.1.1.tgz"
            }
          }
        }
      }
    },
    "express": {
      "version": "4.12.4",
      "from": "express@*",
      "resolved": "https://registry.npmjs.org/express/-/express-4.12.4.tgz",
      "dependencies": {
        "accepts": {
          "version": "1.2.7",
          "from": "accepts@>=1.2.7 <1.3.0",
          "resolved": "https://registry.npmjs.org/accepts/-/accepts-1.2.7.tgz",
          "dependencies": {
            "mime-types": {
              "version": "2.0.13",
              "from": "mime-types@>=2.0.11 <2.1.0",
              "resolved": "https://registry.npmjs.org/mime-types/-/mime-types-2.0.13.tgz",
              "dependencies": {
                "mime-db": {
                  "version": "1.11.0",
                  "from": "mime-db@>=1.11.0 <1.12.0",
                  "resolved": "https://registry.npmjs.org/mime-db/-/mime-db-1.11.0.tgz"
                }
              }
            },
            "negotiator": {
              "version": "0.5.3",
              "from": "negotiator@0.5.3",
              "resolved": "https://registry.npmjs.org/negotiator/-/negotiator-0.5.3.tgz"
            }
          }
        },
        "content-disposition": {
          "version": "0.5.0",
          "from": "content-disposition@0.5.0",
          "resolved": "https://registry.npmjs.org/content-disposition/-/content-disposition-0.5.0.tgz"
        },
        "content-type": {
          "version": "1.0.1",
          "from": "content-type@>=1.0.1 <1.1.0",
          "resolved": "https://registry.npmjs.org/content-type/-/content-type-1.0.1.tgz"
        },
        "cookie": {
          "version": "0.1.2",
          "from": "cookie@0.1.2",
          "resolved": "https://registry.npmjs.org/cookie/-/cookie-0.1.2.tgz"
        },
        "cookie-signature": {
          "version": "1.0.6",
          "from": "cookie-signature@1.0.6",
          "resolved": "https://registry.npmjs.org/cookie-signature/-/cookie-signature-1.0.6.tgz"
        },
        "debug": {
          "version": "2.2.0",
          "from": "debug@>=2.2.0 <2.3.0",
          "resolved": "https://registry.npmjs.org/debug/-/debug-2.2.0.tgz",
          "dependencies": {
            "ms": {
              "version": "0.7.1",
              "from": "ms@0.7.1",
              "resolved": "https://registry.npmjs.org/ms/-/ms-0.7.1.tgz"
            }
          }
        },
        "depd": {
          "version": "1.0.1",
          "from": "depd@>=1.0.1 <1.1.0",
          "resolved": "https://registry.npmjs.org/depd/-/depd-1.0.1.tgz"
        },
        "escape-html": {
          "version": "1.0.1",
          "from": "escape-html@1.0.1",
          "resolved": "https://registry.npmjs.org/escape-html/-/escape-html-1.0.1.tgz"
        },
        "etag": {
          "version": "1.6.0",
          "from": "etag@>=1.6.0 <1.7.0",
          "resolved": "https://registry.npmjs.org/etag/-/etag-1.6.0.tgz",
          "dependencies": {
            "crc": {
              "version": "3.2.1",
              "from": "crc@3.2.1",
              "resolved": "https://registry.npmjs.org/crc/-/crc-3.2.1.tgz"
            }
          }
        },
        "finalhandler": {
          "version": "0.3.6",
          "from": "finalhandler@0.3.6",
          "resolved": "https://registry.npmjs.org/finalhandler/-/finalhandler-0.3.6.tgz"
        },
        "fresh": {
          "version": "0.2.4",
          "from": "fresh@0.2.4",
          "resolved": "https://registry.npmjs.org/fresh/-/fresh-0.2.4.tgz"
        },
        "merge-descriptors": {
          "version": "1.0.0",
          "from": "merge-descriptors@1.0.0",
          "resolved": "https://registry.npmjs.org/merge-descriptors/-/merge-descriptors-1.0.0.tgz"
        },
        "methods": {
          "version": "1.1.1",
          "from": "methods@>=1.1.1 <1.2.0",
          "resolved": "https://registry.npmjs.org/methods/-/methods-1.1.1.tgz"
        },
        "on-finished": {
          "version": "2.2.1",
          "from": "on-finished@>=2.2.1 <2.3.0",
          "resolved": "https://registry.npmjs.org/on-finished/-/on-finished-2.2.1.tgz",
          "dependencies": {
            "ee-first": {
              "version": "1.1.0",
              "from": "ee-first@1.1.0",
              "resolved": "https://registry.npmjs.org/ee-first/-/ee-first-1.1.0.tgz"
            }
          }
        },
        "parseurl": {
          "version": "1.3.0",
          "from": "parseurl@>=1.3.0 <1.4.0",
          "resolved": "https://registry.npmjs.org/parseurl/-/parseurl-1.3.0.tgz"
        },
        "path-to-regexp": {
          "version": "0.1.3",
          "from": "path-to-regexp@0.1.3",
          "resolved": "https://registry.npmjs.org/path-to-regexp/-/path-to-regexp-0.1.3.tgz"
        },
        "proxy-addr": {
          "version": "1.0.8",
          "from": "proxy-addr@>=1.0.8 <1.1.0",
          "resolved": "https://registry.npmjs.org/proxy-addr/-/proxy-addr-1.0.8.tgz",
          "dependencies": {
            "forwarded": {
              "version": "0.1.0",
              "from": "forwarded@>=0.1.0 <0.2.0",
              "resolved": "https://registry.npmjs.org/forwarded/-/forwarded-0.1.0.tgz"
            },
            "ipaddr.js": {
              "version": "1.0.1",
              "from": "ipaddr.js@1.0.1",
              "resolved": "https://registry.npmjs.org/ipaddr.js/-/ipaddr.js-1.0.1.tgz"
            }
          }
        },
        "qs": {
          "version": "2.4.2",
          "from": "qs@2.4.2",
          "resolved": "https://registry.npmjs.org/qs/-/qs-2.4.2.tgz"
        },
        "range-parser": {
          "version": "1.0.2",
          "from": "range-parser@>=1.0.2 <1.1.0",
          "resolved": "https://registry.npmjs.org/range-parser/-/range-parser-1.0.2.tgz"
        },
        "send": {
          "version": "0.12.3",
          "from": "send@0.12.3",
          "resolved": "https://registry.npmjs.org/send/-/send-0.12.3.tgz",
          "dependencies": {
            "destroy": {
              "version": "1.0.3",
              "from": "destroy@1.0.3",
              "resolved": "https://registry.npmjs.org/destroy/-/destroy-1.0.3.tgz"
            },
            "mime": {
              "version": "1.3.4",
              "from": "mime@1.3.4",
              "resolved": "https://registry.npmjs.org/mime/-/mime-1.3.4.tgz"
            },
            "ms": {
              "version": "0.7.1",
              "from": "ms@0.7.1",
              "resolved": "https://registry.npmjs.org/ms/-/ms-0.7.1.tgz"
            }
          }
        },
        "serve-static": {
          "version": "1.9.3",
          "from": "serve-static@>=1.9.3 <1.10.0",
          "resolved": "https://registry.npmjs.org/serve-static/-/serve-static-1.9.3.tgz"
        },
        "type-is": {
          "version": "1.6.2",
          "from": "type-is@>=1.6.2 <1.7.0",
          "resolved": "https://registry.npmjs.org/type-is/-/type-is-1.6.2.tgz",
          "dependencies": {
            "media-typer": {
              "version": "0.3.0",
              "from": "media-typer@0.3.0",
              "resolved": "https://registry.npmjs.org/media-typer/-/media-typer-0.3.0.tgz"
            },
            "mime-types": {
              "version": "2.0.13",
              "from": "mime-types@>=2.0.11 <2.1.0",
              "resolved": "https://registry.npmjs.org/mime-types/-/mime-types-2.0.13.tgz",
              "dependencies": {
                "mime-db": {
                  "version": "1.11.0",
                  "from": "mime-db@>=1.11.0 <1.12.0",
                  "resolved": "https://registry.npmjs.org/mime-db/-/mime-db-1.11.0.tgz"
                }
              }
            }
          }
        },
        "vary": {
          "version": "1.0.0",
          "from": "vary@>=1.0.0 <1.1.0",
          "resolved": "https://registry.npmjs.org/vary/-/vary-1.0.0.tgz"
        },
        "utils-merge": {
          "version": "1.0.0",
          "from": "utils-merge@1.0.0",
          "resolved": "https://registry.npmjs.org/utils-merge/-/utils-merge-1.0.0.tgz"
        }
      }
    },
    "sync-request": {
      "version": "2.0.1",
      "from": "sync-request@*",
      "resolved": "https://registry.npmjs.org/sync-request/-/sync-request-2.0.1.tgz",
      "dependencies": {
        "concat-stream": {
          "version": "1.4.8",
          "from": "concat-stream@>=1.4.7 <2.0.0",
          "resolved": "https://registry.npmjs.org/concat-stream/-/concat-stream-1.4.8.tgz",
          "dependencies": {
            "inherits": {
              "version": "2.0.1",
              "from": "inherits@>=2.0.1 <2.1.0",
              "resolved": "https://registry.npmjs.org/inherits/-/inherits-2.0.1.tgz"
            },
            "typedarray": {
              "version": "0.0.6",
              "from": "typedarray@>=0.0.5 <0.1.0",
              "resolved": "https://registry.npmjs.org/typedarray/-/typedarray-0.0.6.tgz"
            },
            "readable-stream": {
              "version": "1.1.13",
              "from": "readable-stream@>=1.1.9 <1.2.0",
              "resolved": "https://registry.npmjs.org/readable-stream/-/readable-stream-1.1.13.tgz",
              "dependencies": {
                "core-util-is": {
                  "version": "1.0.1",
                  "from": "core-util-is@>=1.0.0 <1.1.0",
                  "resolved": "https://registry.npmjs.org/core-util-is/-/core-util-is-1.0.1.tgz"
                },
                "isarray": {
                  "version": "0.0.1",
                  "from": "isarray@0.0.1",
                  "resolved": "https://registry.npmjs.org/isarray/-/isarray-0.0.1.tgz"
                },
                "string_decoder": {
                  "version": "0.10.31",
                  "from": "string_decoder@>=0.10.0 <0.11.0",
                  "resolved": "https://registry.npmjs.org/string_decoder/-/string_decoder-0.10.31.tgz"
                }
              }
            }
          }
        },
        "http-response-object": {
          "version": "1.0.1",
          "from": "http-response-object@>=1.0.1 <2.0.0",
          "resolved": "https://registry.npmjs.org/http-response-object/-/http-response-object-1.0.1.tgz"
        },
        "spawn-sync": {
          "version": "1.0.11",
          "from": "spawn-sync@>=1.0.1 <2.0.0",
          "resolved": "https://registry.npmjs.org/spawn-sync/-/spawn-sync-1.0.11.tgz",
          "dependencies": {
            "os-shim": {
              "version": "0.1.2",
              "from": "os-shim@>=0.1.2 <0.2.0",
              "resolved": "https://registry.npmjs.org/os-shim/-/os-shim-0.1.2.tgz"
            }
          }
        },
        "then-request": {
          "version": "2.1.1",
          "from": "then-request@>=2.0.1 <3.0.0",
          "resolved": "https://registry.npmjs.org/then-request/-/then-request-2.1.1.tgz",
          "dependencies": {
            "caseless": {
              "version": "0.9.0",
              "from": "caseless@>=0.9.0 <0.10.0",
              "resolved": "https://registry.npmjs.org/caseless/-/caseless-0.9.0.tgz"
            },
            "http-basic": {
              "version": "2.3.4",
              "from": "http-basic@>=2.0.0 <3.0.0",
              "resolved": "https://registry.npmjs.org/http-basic/-/http-basic-2.3.4.tgz"
            },
            "promise": {
              "version": "6.1.0",
              "from": "promise@>=6.0.1 <7.0.0",
              "resolved": "https://registry.npmjs.org/promise/-/promise-6.1.0.tgz",
              "dependencies": {
                "asap": {
                  "version": "1.0.0",
                  "from": "asap@>=1.0.0 <1.1.0",
                  "resolved": "https://registry.npmjs.org/asap/-/asap-1.0.0.tgz"
                }
              }
            },
            "qs": {
              "version": "2.4.2",
              "from": "qs@>=2.3.3 <3.0.0",
              "resolved": "https://registry.npmjs.org/qs/-/qs-2.4.2.tgz"
            }
          }
        }
      }
    }
  }
}
